
Microsoft Visual Studio Solution File, Format Version 12.00
# Visual Studio 15
VisualStudioVersion = 15.0.28010.2026
MinimumVisualStudioVersion = 10.0.40219.1
Project("{FAE04EC0-301F-11D3-BF4B-00C04F79EFBC}") = "EohiDingDing", "EohiDingDing\EohiDingDing.csproj", "{D60FED5E-87A2-44C1-A907-A9C9C0FE29BC}"
EndProject
Global
	GlobalSection(SolutionConfigurationPlatforms) = preSolution
		Debug|Any CPU = Debug|Any CPU
		Release|Any CPU = Release|Any CPU
	EndGlobalSection
	GlobalSection(ProjectConfigurationPlatforms) = postSolution
		{D60FED5E-87A2-44C1-A907-A9C9C0FE29BC}.Debug|Any CPU.ActiveCfg = Debug|Any CPU
		{D60FED5E-87A2-44C1-A907-A9C9C0FE29BC}.Debug|Any CPU.Build.0 = Debug|Any CPU
		{D60FED5E-87A2-44C1-A907-A9C9C0FE29BC}.Release|Any CPU.ActiveCfg = Release|Any CPU
		{D60FED5E-87A2-44C1-A907-A9C9C0FE29BC}.Release|Any CPU.Build.0 = Release|Any CPU
	EndGlobalSection
	GlobalSection(SolutionProperties) = preSolution
		HideSolutionNode = FALSE
	EndGlobalSection
	GlobalSection(ExtensibilityGlobals) = postSolution
		SolutionGuid = {A70FBA36-2802-4A78-871C-C63F1DC1CA64}
	EndGlobalSection
EndGlobal
